// !$*UTF8*$!
{
	archiveVersion = 1;
	classes = {
	};
	objectVersion = 46;
	objects = {

/* Begin PBXBuildFile section */
		D28450FF1F9AED6D00AD79A6 /* main.m in Sources */ = {isa = PBXBuildFile; fileRef = D28450FE1F9AED6D00AD79A6 /* main.m */; };
		D28451021F9AED6D00AD79A6 /* AppDelegate.m in Sources */ = {isa = PBXBuildFile; fileRef = D28451011F9AED6D00AD79A6 /* AppDelegate.m */; };
		D28451051F9AED6D00AD79A6 /* ViewController.m in Sources */ = {isa = PBXBuildFile; fileRef = D28451041F9AED6D00AD79A6 /* ViewController.m */; };
		D28451081F9AED6D00AD79A6 /* Main.storyboard in Resources */ = {isa = PBXBuildFile; fileRef = D28451061F9AED6D00AD79A6 /* Main.storyboard */; };
		D284510A1F9AED6D00AD79A6 /* Assets.xcassets in Resources */ = {isa = PBXBuildFile; fileRef = D28451091F9AED6D00AD79A6 /* Assets.xcassets */; };
		D284510D1F9AED6D00AD79A6 /* LaunchScreen.storyboard in Resources */ = {isa = PBXBuildFile; fileRef = D284510B1F9AED6D00AD79A6 /* LaunchScreen.storyboard */; };
/* End PBXBuildFile section */

/* Begin PBXFileReference section */
		D28450FA1F9AED6D00AD79A6 /* TestDemo2.app */ = {isa = PBXFileReference; explicitFileType = wrapper.application; includeInIndex = 0; path = TestDemo2.app; sourceTree = BUILT_PRODUCTS_DIR; };
		D28450FE1F9AED6D00AD79A6 /* main.m */ = {isa = PBXFileReference; lastKnownFileType = sourcecode.c.objc; path = main.m; sourceTree = "<group>"; };
		D28451001F9AED6D00AD79A6 /* AppDelegate.h */ = {isa = PBXFileReference; lastKnownFileType = sourcecode.c.h; path = AppDelegate.h; sourceTree = "<group>"; };
		D28451011F9AED6D00AD79A6 /* AppDelegate.m */ = {isa = PBXFileReference; lastKnownFileType = sourcecode.c.objc; path = AppDelegate.m; sourceTree = "<group>"; };
		D28451031F9AED6D00AD79A6 /* ViewController.h */ = {isa = PBXFileReference; lastKnownFileType = sourcecode.c.h; path = ViewController.h; sourceTree = "<group>"; };
		D28451041F9AED6D00AD79A6 /* ViewController.m */ = {isa = PBXFileReference; lastKnownFileType = sourcecode.c.objc; path = ViewController.m; sourceTree = "<group>"; };
		D28451071F9AED6D00AD79A6 /* Base */ = {isa = PBXFileReference; lastKnownFileType = file.storyboard; name = Base; path = Base.lproj/Main.storyboard; sourceTree = "<group>"; };
		D28451091F9AED6D00AD79A6 /* Assets.xcassets */ = {isa = PBXFileReference; lastKnownFileType = folder.assetcatalog; path = Assets.xcassets; sourceTree = "<group>"; };
		D284510C1F9AED6D00AD79A6 /* Base */ = {isa = PBXFileReference; lastKnownFileType = file.storyboard; name = Base; path = Base.lproj/LaunchScreen.storyboard; sourceTree = "<group>"; };
		D284510E1F9AED6D00AD79A6 /* Info.plist */ = {isa = PBXFileReference; lastKnownFileType = text.plist.xml; path = Info.plist; sourceTree = "<group>"; };
/* End PBXFileReference section */

/* Begin PBXFrameworksBuildPhase section */
		D28450F71F9AED6D00AD79A6 /* Frameworks */ = {
			isa = PBXFrameworksBuildPhase;
			buildActionMask = 2147483647;
			files = (
			);
			runOnlyForDeploymentPostprocessing = 0;
		};
/* End PBXFrameworksBuildPhase section */

/* Begin PBXGroup section */
		D28450F11F9AED6D00AD79A6 = {
			isa = PBXGroup;
			children = (
				D28450FC1F9AED6D00AD79A6 /* TestDemo2 */,
				D28450FB1F9AED6D00AD79A6 /* Products */,
			);
			sourceTree = "<group>";
		};
		D28450FB1F9AED6D00AD79A6 /* Products */ = {
			isa = PBXGroup;
			children = (
				D28450FA1F9AED6D00AD79A6 /* TestDemo2.app */,
			);
			name = Products;
			sourceTree = "<group>";
		};
		D28450FC1F9AED6D00AD79A6 /* TestDemo2 */ = {
			isa = PBXGroup;
			children = (
				D28451001F9AED6D00AD79A6 /* AppDelegate.h */,
				D28451011F9AED6D00AD79A6 /* AppDelegate.m */,
				D28451031F9AED6D00AD79A6 /* ViewController.h */,
				D28451041F9AED6D00AD79A6 /* ViewController.m */,
				D28451061F9AED6D00AD79A6 /* Main.storyboard */,
				D28451091F9AED6D00AD79A6 /* Assets.xcassets */,
				D284510B1F9AED6D00AD79A6 /* LaunchScreen.storyboard */,
				D284510E1F9AED6D00AD79A6 /* Info.plist */,
				D28450FD1F9AED6D00AD79A6 /* Supporting Files */,
			);
			path = TestDemo2;
			sourceTree = "<group>";
		};
		D28450FD1F9AED6D00AD79A6 /* Supporting Files */ = {
			isa = PBXGroup;
			children = (
				D28450FE1F9AED6D00AD79A6 /* main.m */,
			);
			name = "Supporting Files";
			sourceTree = "<group>";
		};
/* End PBXGroup section */

/* Begin PBXNativeTarget section */
		D28450F91F9AED6D00AD79A6 /* TestDemo2 */ = {
			isa = PBXNativeTarget;
			buildConfigurationList = D28451111F9AED6D00AD79A6 /* Build configuration list for PBXNativeTarget "TestDemo2" */;
			buildPhases = (
				D28450F61F9AED6D00AD79A6 /* Sources */,
				D28450F71F9AED6D00AD79A6 /* Frameworks */,
				D28450F81F9AED6D00AD79A6 /* Resources */,
			);
			buildRules = (
			);
			dependencies = (
			);
			name = TestDemo2;
			productName = TestDemo2;
			productReference = D28450FA1F9AED6D00AD79A6 /* TestDemo2.app */;
			productType = "com.apple.product-type.application";
		};
/* End PBXNativeTarget section */

/* Begin PBXProject section */
		D28450F21F9AED6D00AD79A6 /* Project object */ = {
			isa = PBXProject;
			attributes = {
				LastUpgradeCheck = 0830;
				ORGANIZATIONNAME = xcodeserver;
				TargetAttributes = {
					D28450F91F9AED6D00AD79A6 = {
						CreatedOnToolsVersion = 8.3.3;
						ProvisioningStyle = Automatic;
					};
				};
			};
			buildConfigurationList = D28450F51F9AED6D00AD79A6 /* Build configuration list for PBXProject "TestDemo2" */;
			compatibilityVersion = "Xcode 3.2";
			developmentRegion = English;
			hasScannedForEncodings = 0;
			knownRegions = (
				en,
				Base,
			);
			mainGroup = D28450F11F9AED6D00AD79A6;
			productRefGroup = D28450FB1F9AED6D00AD79A6 /* Products */;
			projectDirPath = "";
			projectRoot = "";
			targets = (
				D28450F91F9AED6D00AD79A6 /* TestDemo2 */,
			);
		};
/* End PBXProject section */

/* Begin PBXResourcesBuildPhase section */
		D28450F81F9AED6D00AD79A6 /* Resources */ = {
			isa = PBXResourcesBuildPhase;
			buildActionMask = 2147483647;
			files = (
				D284510D1F9AED6D00AD79A6 /* LaunchScreen.storyboard in Resources */,
				D284510A1F9AED6D00AD79A6 /* Assets.xcassets in Resources */,
				D28451081F9AED6D00AD79A6 /* Main.storyboard in Resources */,
			);
			runOnlyForDeploymentPostprocessing = 0;
		};
/* End PBXResourcesBuildPhase section */

/* Begin PBXSourcesBuildPhase section */
		D28450F61F9AED6D00AD79A6 /* Sources */ = {
			isa = PBXSourcesBuildPhase;
			buildActionMask = 2147483647;
			files = (
				D28451051F9AED6D00AD79A6 /* ViewController.m in Sources */,
				D28451021F9AED6D00AD79A6 /* AppDelegate.m in Sources */,
				D28450FF1F9AED6D00AD79A6 /* main.m in Sources */,
			);
			runOnlyForDeploymentPostprocessing = 0;
		};
/* End PBXSourcesBuildPhase section */

/* Begin PBXVariantGroup section */
		D28451061F9AED6D00AD79A6 /* Main.storyboard */ = {
			isa = PBXVariantGroup;
			children = (
				D28451071F9AED6D00AD79A6 /* Base */,
			);
			name = Main.storyboard;
			sourceTree = "<group>";
		};
		D284510B1F9AED6D00AD79A6 /* LaunchScreen.storyboard */ = {
			isa = PBXVariantGroup;
			children = (
				D284510C1F9AED6D00AD79A6 /* Base */,
			);
			name = LaunchScreen.storyboard;
			sourceTree = "<group>";
		};
/* End PBXVariantGroup section */

/* Begin XCBuildConfiguration section */
		D284510F1F9AED6D00AD79A6 /* Debug */ = {
			isa = XCBuildConfiguration;
			buildSettings = {
				ALWAYS_SEARCH_USER_PATHS = NO;
				CLANG_ANALYZER_NONNULL = YES;
				CLANG_ANALYZER_NUMBER_OBJECT_CONVERSION = YES_AGGRESSIVE;
				CLANG_CXX_LANGUAGE_STANDARD = "gnu++0x";
				CLANG_CXX_LIBRARY = "libc++";
				CLANG_ENABLE_MODULES = YES;
				CLANG_ENABLE_OBJC_ARC = YES;
				CLANG_WARN_BOOL_CONVERSION = YES;
				CLANG_WARN_CONSTANT_CONVERSION = YES;
				CLANG_WARN_DIRECT_OBJC_ISA_USAGE = YES_ERROR;
				CLANG_WARN_DOCUMENTATION_COMMENTS = YES;
				CLANG_WARN_EMPTY_BODY = YES;
				CLANG_WARN_ENUM_CONVERSION = YES;
				CLANG_WARN_INFINITE_RECURSION = YES;
				CLANG_WARN_INT_CONVERSION = YES;
				CLANG_WARN_OBJC_ROOT_CLASS = YES_ERROR;
				CLANG_WARN_SUSPICIOUS_MOVE = YES;
				CLANG_WARN_UNREACHABLE_CODE = YES;
				CLANG_WARN__DUPLICATE_METHOD_MATCH = YES;
				"CODE_SIGN_IDENTITY[sdk=iphoneos*]" = "iPhone Developer";
				COPY_PHASE_STRIP = NO;
				DEBUG_INFORMATION_FORMAT = dwarf;
				ENABLE_STRICT_OBJC_MSGSEND = YES;
				ENABLE_TESTABILITY = YES;
				GCC_C_LANGUAGE_STANDARD = gnu99;
				GCC_DYNAMIC_NO_PIC = NO;
				GCC_NO_COMMON_BLOCKS = YES;
				GCC_OPTIMIZATION_LEVEL = 0;
				GCC_PREPROCESSOR_DEFINITIONS = (
					"DEBUG=1",
					"$(inherited)",
				);
				GCC_WARN_64_TO_32_BIT_CONVERSION = YES;
				GCC_WARN_ABOUT_RETURN_TYPE = YES_ERROR;
				GCC_WARN_UNDECLARED_SELECTOR = YES;
				GCC_WARN_UNINITIALIZED_AUTOS = YES_AGGRESSIVE;
				GCC_WARN_UNUSED_FUNCTION = YES;
				GCC_WARN_UNUSED_VARIABLE = YES;
				IPHONEOS_DEPLOYMENT_TARGET = 10.3;
				MTL_ENABLE_DEBUG_INFO = YES;
				ONLY_ACTIVE_ARCH = YES;
				SDKROOT = iphoneos;
			};
			name = Debug;
		};
		D28451101F9AED6D00AD79A6 /* Release */ = {
			isa = XCBuildConfiguration;
			buildSettings = {
				ALWAYS_SEARCH_USER_PATHS = NO;
				CLANG_ANALYZER_NONNULL = YES;
				CLANG_ANALYZER_NUMBER_OBJECT_CONVERSION = YES_AGGRESSIVE;
				CLANG_CXX_LANGUAGE_STANDARD = "gnu++0x";
				CLANG_CXX_LIBRARY = "libc++";
				CLANG_ENABLE_MODULES = YES;
				CLANG_ENABLE_OBJC_ARC = YES;
				CLANG_WARN_BOOL_CONVERSION = YES;
				CLANG_WARN_CONSTANT_CONVERSION = YES;
				CLANG_WARN_DIRECT_OBJC_ISA_USAGE = YES_ERROR;
				CLANG_WARN_DOCUMENTATION_COMMENTS = YES;
				CLANG_WARN_EMPTY_BODY = YES;
				CLANG_WARN_ENUM_CONVERSION = YES;
				CLANG_WARN_INFINITE_RECURSION = YES;
				CLANG_WARN_INT_CONVERSION = YES;
				CLANG_WARN_OBJC_ROOT_CLASS = YES_ERROR;
				CLANG_WARN_SUSPICIOUS_MOVE = YES;
				CLANG_WARN_UNREACHABLE_CODE = YES;
				CLANG_WARN__DUPLICATE_METHOD_MATCH = YES;
				"CODE_SIGN_IDENTITY[sdk=iphoneos*]" = "iPhone Developer";
				COPY_PHASE_STRIP = NO;
				DEBUG_INFORMATION_FORMAT = "dwarf-with-dsym";
				ENABLE_NS_ASSERTIONS = NO;
				ENABLE_STRICT_OBJC_MSGSEND = YES;
				GCC_C_LANGUAGE_STANDARD = gnu99;
				GCC_NO_COMMON_BLOCKS = YES;
				GCC_WARN_64_TO_32_BIT_CONVERSION = YES;
				GCC_WARN_ABOUT_RETURN_TYPE = YES_ERROR;
				GCC_WARN_UNDECLARED_SELECTOR = YES;
				GCC_WARN_UNINITIALIZED_AUTOS = YES_AGGRESSIVE;
				GCC_WARN_UNUSED_FUNCTION = YES;
				GCC_WARN_UNUSED_VARIABLE = YES;
				IPHONEOS_DEPLOYMENT_TARGET = 10.3;
				MTL_ENABLE_DEBUG_INFO = NO;
				SDKROOT = iphoneos;
				VALIDATE_PRODUCT = YES;
			};
			name = Release;
		};
		D28451121F9AED6D00AD79A6 /* Debug */ = {
			isa = XCBuildConfiguration;
			buildSettings = {
				ASSETCATALOG_COMPILER_APPICON_NAME = AppIcon;
				INFOPLIST_FILE = TestDemo2/Info.plist;
				LD_RUNPATH_SEARCH_PATHS = "$(inherited) @executable_path/Frameworks";
				PRODUCT_BUNDLE_IDENTIFIER = ss.TestDemo2;
				PRODUCT_NAME = "$(TARGET_NAME)";
			};
			name = Debug;
		};
		D28451131F9AED6D00AD79A6 /* Release */ = {
			isa = XCBuildConfiguration;
			buildSettings = {
				ASSETCATALOG_COMPILER_APPICON_NAME = AppIcon;
				INFOPLIST_FILE = TestDemo2/Info.plist;
				LD_RUNPATH_SEARCH_PATHS = "$(inherited) @executable_path/Frameworks";
				PRODUCT_BUNDLE_IDENTIFIER = ss.TestDemo2;
				PRODUCT_NAME = "$(TARGET_NAME)";
			};
			name = Release;
		};
/* End XCBuildConfiguration section */

/* Begin XCConfigurationList section */
		D28450F51F9AED6D00AD79A6 /* Build configuration list for PBXProject "TestDemo2" */ = {
			isa = XCConfigurationList;
			buildConfigurations = (
				D284510F1F9AED6D00AD79A6 /* Debug */,
				D28451101F9AED6D00AD79A6 /* Release */,
			);
			defaultConfigurationIsVisible = 0;
			defaultConfigurationName = Release;
		};
		D28451111F9AED6D00AD79A6 /* Build configuration list for PBXNativeTarget "TestDemo2" */ = {
			isa = XCConfigurationList;
			buildConfigurations = (
				D28451121F9AED6D00AD79A6 /* Debug */,
				D28451131F9AED6D00AD79A6 /* Release */,
			);
			defaultConfigurationIsVisible = 0;
		};
/* End XCConfigurationList section */
	};
	rootObject = D28450F21F9AED6D00AD79A6 /* Project object */;
}
